<?xml version="1.0" encoding="utf-8"?>
<Project ToolsVersion="4.0" xmlns="http://schemas.microsoft.com/developer/msbuild/2003">
  <ItemGroup>
    <ClCompile Include="Source\Main.cpp" />
    <ClCompile Include="Source\pch.cpp" />
    <ClCompile Include="Source\Actor\Player.cpp">
      <Filter>Actor</Filter>
    </ClCompile>
    <ClCompile Include="Source\Level\TestLevel.cpp">
      <Filter>Level</Filter>
    </ClCompile>
    <ClCompile Include="Source\Protocol\Enum.pb.cc" />
    <ClCompile Include="Source\Protocol\Protocol.pb.cc" />
    <ClCompile Include="Source\Protocol\Struct.pb.cc" />
    <ClCompile Include="Source\Protocol\ServerPacketHandler.cpp" />
    <ClCompile Include="Source\Globals.cpp" />
    <ClCompile Include="Source\Actor\OtherPlayer.cpp" />
    <ClCompile Include="Source\Utils\ObjectIdHandler.cpp" />
    <ClCompile Include="Source\Actor\ReplicatedActor.cpp" />
    <ClCompile Include="Source\Level\ReplicatedLevel.cpp" />
    <ClCompile Include="Source\Actor\Item.cpp" />
  </ItemGroup>
  <ItemGroup>
    <ClInclude Include="Source\pch.h" />
    <ClInclude Include="Source\Actor\Player.h">
      <Filter>Actor</Filter>
    </ClInclude>
    <ClInclude Include="Source\Level\TestLevel.h">
      <Filter>Level</Filter>
    </ClInclude>
    <ClInclude Include="Source\Protocol\Enum.pb.h" />
    <ClInclude Include="Source\Protocol\Protocol.pb.h" />
    <ClInclude Include="Source\Protocol\Struct.pb.h" />
    <ClInclude Include="Source\Protocol\ServerPacketHandler.h" />
    <ClInclude Include="Source\Globals.h" />
    <ClInclude Include="Source\Actor\OtherPlayer.h" />
    <ClInclude Include="Source\Utils\ObjectIdHandler.h" />
    <ClInclude Include="Source\Actor\ReplicatedActor.h" />
    <ClInclude Include="Source\Level\ReplicatedLevel.h" />
    <ClInclude Include="Source\Actor\Item.h" />
  </ItemGroup>
  <ItemGroup>
    <Filter Include="Actor">
      <UniqueIdentifier>{b3e89812-433f-4525-8dac-0e9652a9423e}</UniqueIdentifier>
    </Filter>
    <Filter Include="Level">
      <UniqueIdentifier>{dc5d51c7-4c0d-412d-ae04-80ed650a2254}</UniqueIdentifier>
    </Filter>
  </ItemGroup>
</Project>