
Microsoft Visual Studio Solution File, Format Version 12.00
# Visual Studio Version 18
VisualStudioVersion = 18.8.12023.21
MinimumVisualStudioVersion = 10.0.40219.1
Project("{8BC9CEB8-8B4A-11D0-8D11-00A0C91BC942}") = "CraftEngine", "Submodules\CraftEngine\CraftEngine.vcxproj", "{F443F73B-649C-42C8-905B-314443B0D37D}"
EndProject
Project("{8BC9CEB8-8B4A-11D0-8D11-00A0C91BC942}") = "Game", "Game\Game.vcxproj", "{8627C256-4A2E-4858-A7AE-B92CCA1844FC}"
EndProject
Project("{8BC9CEB8-8B4A-11D0-8D11-00A0C91BC942}") = "ServerCore", "Submodules\ServerCore\ServerCore\ServerCore.vcxproj", "{33A38137-97CD-4444-8E68-8F559B4A14D0}"
EndProject
Global
	GlobalSection(SolutionConfigurationPlatforms) = preSolution
		Debug|x64 = Debug|x64
		Release|x64 = Release|x64
	EndGlobalSection
	GlobalSection(ProjectConfigurationPlatforms) = postSolution
		{F443F73B-649C-42C8-905B-314443B0D37D}.Debug|x64.ActiveCfg = Debug|x64
		{F443F73B-649C-42C8-905B-314443B0D37D}.Debug|x64.Build.0 = Debug|x64
		{F443F73B-649C-42C8-905B-314443B0D37D}.Release|x64.ActiveCfg = Release|x64
		{F443F73B-649C-42C8-905B-314443B0D37D}.Release|x64.Build.0 = Release|x64
		{8627C256-4A2E-4858-A7AE-B92CCA1844FC}.Debug|x64.ActiveCfg = Debug|x64
		{8627C256-4A2E-4858-A7AE-B92CCA1844FC}.Debug|x64.Build.0 = Debug|x64
		{8627C256-4A2E-4858-A7AE-B92CCA1844FC}.Release|x64.ActiveCfg = Release|x64
		{8627C256-4A2E-4858-A7AE-B92CCA1844FC}.Release|x64.Build.0 = Release|x64
		{33A38137-97CD-4444-8E68-8F559B4A14D0}.Debug|x64.ActiveCfg = Debug|x64
		{33A38137-97CD-4444-8E68-8F559B4A14D0}.Debug|x64.Build.0 = Debug|x64
		{33A38137-97CD-4444-8E68-8F559B4A14D0}.Release|x64.ActiveCfg = Release|x64
		{33A38137-97CD-4444-8E68-8F559B4A14D0}.Release|x64.Build.0 = Release|x64
	EndGlobalSection
	GlobalSection(SolutionProperties) = preSolution
		HideSolutionNode = FALSE
	EndGlobalSection
	GlobalSection(ExtensibilityGlobals) = postSolution
		SolutionGuid = {5AF72639-3D3C-4D19-8FC3-F066CF76583F}
	EndGlobalSection
EndGlobal
